
Microsoft Visual Studio Solution File, Format Version 12.00
# Visual Studio Version 16
VisualStudioVersion = 16.0.30523.141
MinimumVisualStudioVersion = 10.0.40219.1
Project("{9A19103F-16F7-4668-BE54-9A1E7A4F7556}") = "aka.Bookstore", "aka.Bookstore.csproj", "{203D6BF4-3A9F-4C4E-9524-32307FB495BC}"
EndProject
Global
	GlobalSection(SolutionConfigurationPlatforms) = preSolution
		Debug|Any CPU = Debug|Any CPU
		Release|Any CPU = Release|Any CPU
	EndGlobalSection
	GlobalSection(ProjectConfigurationPlatforms) = postSolution
		{203D6BF4-3A9F-4C4E-9524-32307FB495BC}.Debug|Any CPU.ActiveCfg = Debug|Any CPU
		{203D6BF4-3A9F-4C4E-9524-32307FB495BC}.Debug|Any CPU.Build.0 = Debug|Any CPU
		{203D6BF4-3A9F-4C4E-9524-32307FB495BC}.Release|Any CPU.ActiveCfg = Release|Any CPU
		{203D6BF4-3A9F-4C4E-9524-32307FB495BC}.Release|Any CPU.Build.0 = Release|Any CPU
	EndGlobalSection
	GlobalSection(SolutionProperties) = preSolution
		HideSolutionNode = FALSE
	EndGlobalSection
	GlobalSection(ExtensibilityGlobals) = postSolution
		SolutionGuid = {D79D8587-ECF8-42BF-976A-5506E789D14E}
	EndGlobalSection
EndGlobal
